
Microsoft Visual Studio Solution File, Format Version 12.00
# Visual Studio 15
VisualStudioVersion = 15.0.27130.2010
MinimumVisualStudioVersion = 10.0.40219.1
Project("{9A19103F-16F7-4668-BE54-9A1E7A4F7556}") = "webapi", "webapi\webapi.csproj", "{2DACAFAF-1221-4225-A588-9C63AAE85D89}"
EndProject
Project("{9A19103F-16F7-4668-BE54-9A1E7A4F7556}") = "DataAccess", "DataAccess\DataAccess.csproj", "{6402B7EF-B608-4007-B1C5-34A5EAD5234C}"
EndProject
Project("{2150E333-8FDC-42A3-9474-1A3956D46DE8}") = "ServiceLayer", "ServiceLayer", "{48E6D402-55C7-49E3-904B-CD2B485C3E63}"
EndProject
Project("{9A19103F-16F7-4668-BE54-9A1E7A4F7556}") = "EmergencyAccount", "EmergencyAccount\EmergencyAccount.csproj", "{BFE57B4B-5636-4451-B8D8-7A18480C2EAF}"
EndProject
Project("{9A19103F-16F7-4668-BE54-9A1E7A4F7556}") = "CommonLib", "CommonLib\CommonLib.csproj", "{330D1E33-8898-43BA-974F-32D3C4601CDA}"
EndProject
Global
	GlobalSection(SolutionConfigurationPlatforms) = preSolution
		Debug|Any CPU = Debug|Any CPU
		Release|Any CPU = Release|Any CPU
	EndGlobalSection
	GlobalSection(ProjectConfigurationPlatforms) = postSolution
		{2DACAFAF-1221-4225-A588-9C63AAE85D89}.Debug|Any CPU.ActiveCfg = Debug|Any CPU
		{2DACAFAF-1221-4225-A588-9C63AAE85D89}.Debug|Any CPU.Build.0 = Debug|Any CPU
		{2DACAFAF-1221-4225-A588-9C63AAE85D89}.Release|Any CPU.ActiveCfg = Release|Any CPU
		{2DACAFAF-1221-4225-A588-9C63AAE85D89}.Release|Any CPU.Build.0 = Release|Any CPU
		{6402B7EF-B608-4007-B1C5-34A5EAD5234C}.Debug|Any CPU.ActiveCfg = Debug|Any CPU
		{6402B7EF-B608-4007-B1C5-34A5EAD5234C}.Debug|Any CPU.Build.0 = Debug|Any CPU
		{6402B7EF-B608-4007-B1C5-34A5EAD5234C}.Release|Any CPU.ActiveCfg = Release|Any CPU
		{6402B7EF-B608-4007-B1C5-34A5EAD5234C}.Release|Any CPU.Build.0 = Release|Any CPU
		{BFE57B4B-5636-4451-B8D8-7A18480C2EAF}.Debug|Any CPU.ActiveCfg = Debug|Any CPU
		{BFE57B4B-5636-4451-B8D8-7A18480C2EAF}.Debug|Any CPU.Build.0 = Debug|Any CPU
		{BFE57B4B-5636-4451-B8D8-7A18480C2EAF}.Release|Any CPU.ActiveCfg = Release|Any CPU
		{BFE57B4B-5636-4451-B8D8-7A18480C2EAF}.Release|Any CPU.Build.0 = Release|Any CPU
		{330D1E33-8898-43BA-974F-32D3C4601CDA}.Debug|Any CPU.ActiveCfg = Debug|Any CPU
		{330D1E33-8898-43BA-974F-32D3C4601CDA}.Debug|Any CPU.Build.0 = Debug|Any CPU
		{330D1E33-8898-43BA-974F-32D3C4601CDA}.Release|Any CPU.ActiveCfg = Release|Any CPU
		{330D1E33-8898-43BA-974F-32D3C4601CDA}.Release|Any CPU.Build.0 = Release|Any CPU
	EndGlobalSection
	GlobalSection(SolutionProperties) = preSolution
		HideSolutionNode = FALSE
	EndGlobalSection
	GlobalSection(NestedProjects) = preSolution
		{BFE57B4B-5636-4451-B8D8-7A18480C2EAF} = {48E6D402-55C7-49E3-904B-CD2B485C3E63}
	EndGlobalSection
	GlobalSection(ExtensibilityGlobals) = postSolution
		SolutionGuid = {5B90A978-F41B-4214-BECE-2EE7C33FAB7C}
	EndGlobalSection
EndGlobal
