
Microsoft Visual Studio Solution File, Format Version 12.00
# Visual Studio 15
VisualStudioVersion = 15.0.27004.2008
MinimumVisualStudioVersion = 10.0.40219.1
Project("{9A19103F-16F7-4668-BE54-9A1E7A4F7556}") = "webapi", "webapi\webapi.csproj", "{2DACAFAF-1221-4225-A588-9C63AAE85D89}"
EndProject
Project("{9A19103F-16F7-4668-BE54-9A1E7A4F7556}") = "DataAccess", "DataAccess\DataAccess.csproj", "{6402B7EF-B608-4007-B1C5-34A5EAD5234C}"
EndProject
Project("{2150E333-8FDC-42A3-9474-1A3956D46DE8}") = "ServiceLayer", "ServiceLayer", "{48E6D402-55C7-49E3-904B-CD2B485C3E63}"
EndProject
Project("{9A19103F-16F7-4668-BE54-9A1E7A4F7556}") = "IService", "IService\IService.csproj", "{E7667070-F719-493C-9689-FCAB00EA738E}"
EndProject
Project("{9A19103F-16F7-4668-BE54-9A1E7A4F7556}") = "Service", "Service\Service.csproj", "{ABC9359C-690E-47B8-B4F6-FC24A269D551}"
EndProject
Global
	GlobalSection(SolutionConfigurationPlatforms) = preSolution
		Debug|Any CPU = Debug|Any CPU
		Release|Any CPU = Release|Any CPU
	EndGlobalSection
	GlobalSection(ProjectConfigurationPlatforms) = postSolution
		{2DACAFAF-1221-4225-A588-9C63AAE85D89}.Debug|Any CPU.ActiveCfg = Debug|Any CPU
		{2DACAFAF-1221-4225-A588-9C63AAE85D89}.Debug|Any CPU.Build.0 = Debug|Any CPU
		{2DACAFAF-1221-4225-A588-9C63AAE85D89}.Release|Any CPU.ActiveCfg = Release|Any CPU
		{2DACAFAF-1221-4225-A588-9C63AAE85D89}.Release|Any CPU.Build.0 = Release|Any CPU
		{6402B7EF-B608-4007-B1C5-34A5EAD5234C}.Debug|Any CPU.ActiveCfg = Debug|Any CPU
		{6402B7EF-B608-4007-B1C5-34A5EAD5234C}.Debug|Any CPU.Build.0 = Debug|Any CPU
		{6402B7EF-B608-4007-B1C5-34A5EAD5234C}.Release|Any CPU.ActiveCfg = Release|Any CPU
		{6402B7EF-B608-4007-B1C5-34A5EAD5234C}.Release|Any CPU.Build.0 = Release|Any CPU
		{E7667070-F719-493C-9689-FCAB00EA738E}.Debug|Any CPU.ActiveCfg = Debug|Any CPU
		{E7667070-F719-493C-9689-FCAB00EA738E}.Debug|Any CPU.Build.0 = Debug|Any CPU
		{E7667070-F719-493C-9689-FCAB00EA738E}.Release|Any CPU.ActiveCfg = Release|Any CPU
		{E7667070-F719-493C-9689-FCAB00EA738E}.Release|Any CPU.Build.0 = Release|Any CPU
		{ABC9359C-690E-47B8-B4F6-FC24A269D551}.Debug|Any CPU.ActiveCfg = Debug|Any CPU
		{ABC9359C-690E-47B8-B4F6-FC24A269D551}.Debug|Any CPU.Build.0 = Debug|Any CPU
		{ABC9359C-690E-47B8-B4F6-FC24A269D551}.Release|Any CPU.ActiveCfg = Release|Any CPU
		{ABC9359C-690E-47B8-B4F6-FC24A269D551}.Release|Any CPU.Build.0 = Release|Any CPU
	EndGlobalSection
	GlobalSection(SolutionProperties) = preSolution
		HideSolutionNode = FALSE
	EndGlobalSection
	GlobalSection(NestedProjects) = preSolution
		{E7667070-F719-493C-9689-FCAB00EA738E} = {48E6D402-55C7-49E3-904B-CD2B485C3E63}
		{ABC9359C-690E-47B8-B4F6-FC24A269D551} = {48E6D402-55C7-49E3-904B-CD2B485C3E63}
	EndGlobalSection
	GlobalSection(ExtensibilityGlobals) = postSolution
		SolutionGuid = {5B90A978-F41B-4214-BECE-2EE7C33FAB7C}
	EndGlobalSection
EndGlobal
